Microsoft Visual Studio Solution File, Format Version 12.00
# Visual Studio Version 17
VisualStudioVersion = 17.2.32526.322
MinimumVisualStudioVersion = 10.0.40219.1
Project("{6EC3EE1D-3C4E-46DD-8F32-0CC8E7565705}") = "App", "App\App.fsproj", "{F0CB07CA-B2F3-4FD8-9394-989CEE5B18C0}"
EndProject
Project("{F2A71F9B-5D33-465A-A702-920D77279786}") = "App.Android", "App.Android\App.Android.fsproj", "{B7637A42-E0FB-49A6-92E2-E329C047571B}"
EndProject
Project("{F2A71F9B-5D33-465A-A702-920D77279786}") = "App.iOS", "App.iOS\App.iOS.fsproj", "{C87AF44E-BCD7-4EE4-9E97-DB13C542B14F}"
EndProject
Global
	GlobalSection(SolutionConfigurationPlatforms) = preSolution
		Ad-Hoc|Any CPU = Ad-Hoc|Any CPU
		Ad-Hoc|ARM = Ad-Hoc|ARM
		Ad-Hoc|iPhone = Ad-Hoc|iPhone
		Ad-Hoc|iPhoneSimulator = Ad-Hoc|iPhoneSimulator
		Ad-Hoc|x64 = Ad-Hoc|x64
		Ad-Hoc|x86 = Ad-Hoc|x86
		AppStore|Any CPU = AppStore|Any CPU
		AppStore|ARM = AppStore|ARM
		AppStore|iPhone = AppStore|iPhone
		AppStore|iPhoneSimulator = AppStore|iPhoneSimulator
		AppStore|x64 = AppStore|x64
		AppStore|x86 = AppStore|x86
		Debug|Any CPU = Debug|Any CPU
		Debug|ARM = Debug|ARM
		Debug|iPhone = Debug|iPhone
		Debug|iPhoneSimulator = Debug|iPhoneSimulator
		Debug|x64 = Debug|x64
		Debug|x86 = Debug|x86
		Release|Any CPU = Release|Any CPU
		Release|ARM = Release|ARM
		Release|iPhone = Release|iPhone
		Release|iPhoneSimulator = Release|iPhoneSimulator
		Release|x64 = Release|x64
		Release|x86 = Release|x86
	EndGlobalSection
	GlobalSection(ProjectConfigurationPlatforms) = postSolution
		{F0CB07CA-B2F3-4FD8-9394-989CEE5B18C0}.Ad-Hoc|Any CPU.ActiveCfg = Debug|Any CPU
		{F0CB07CA-B2F3-4FD8-9394-989CEE5B18C0}.Ad-Hoc|Any CPU.Build.0 = Debug|Any CPU
		{F0CB07CA-B2F3-4FD8-9394-989CEE5B18C0}.Ad-Hoc|ARM.ActiveCfg = Debug|Any CPU
		{F0CB07CA-B2F3-4FD8-9394-989CEE5B18C0}.Ad-Hoc|ARM.Build.0 = Debug|Any CPU
		{F0CB07CA-B2F3-4FD8-9394-989CEE5B18C0}.Ad-Hoc|iPhone.ActiveCfg = Debug|Any CPU
		{F0CB07CA-B2F3-4FD8-9394-989CEE5B18C0}.Ad-Hoc|iPhone.Build.0 = Debug|Any CPU
		{F0CB07CA-B2F3-4FD8-9394-989CEE5B18C0}.Ad-Hoc|iPhoneSimulator.ActiveCfg = Debug|Any CPU
		{F0CB07CA-B2F3-4FD8-9394-989CEE5B18C0}.Ad-Hoc|iPhoneSimulator.Build.0 = Debug|Any CPU
		{F0CB07CA-B2F3-4FD8-9394-989CEE5B18C0}.Ad-Hoc|x64.ActiveCfg = Debug|Any CPU
		{F0CB07CA-B2F3-4FD8-9394-989CEE5B18C0}.Ad-Hoc|x64.Build.0 = Debug|Any CPU
		{F0CB07CA-B2F3-4FD8-9394-989CEE5B18C0}.Ad-Hoc|x86.ActiveCfg = Debug|Any CPU
		{F0CB07CA-B2F3-4FD8-9394-989CEE5B18C0}.Ad-Hoc|x86.Build.0 = Debug|Any CPU
		{F0CB07CA-B2F3-4FD8-9394-989CEE5B18C0}.AppStore|Any CPU.ActiveCfg = Debug|Any CPU
		{F0CB07CA-B2F3-4FD8-9394-989CEE5B18C0}.AppStore|Any CPU.Build.0 = Debug|Any CPU
		{F0CB07CA-B2F3-4FD8-9394-989CEE5B18C0}.AppStore|ARM.ActiveCfg = Debug|Any CPU
		{F0CB07CA-B2F3-4FD8-9394-989CEE5B18C0}.AppStore|ARM.Build.0 = Debug|Any CPU
		{F0CB07CA-B2F3-4FD8-9394-989CEE5B18C0}.AppStore|iPhone.ActiveCfg = Debug|Any CPU
		{F0CB07CA-B2F3-4FD8-9394-989CEE5B18C0}.AppStore|iPhone.Build.0 = Debug|Any CPU
		{F0CB07CA-B2F3-4FD8-9394-989CEE5B18C0}.AppStore|iPhoneSimulator.ActiveCfg = Debug|Any CPU
		{F0CB07CA-B2F3-4FD8-9394-989CEE5B18C0}.AppStore|iPhoneSimulator.Build.0 = Debug|Any CPU
		{F0CB07CA-B2F3-4FD8-9394-989CEE5B18C0}.AppStore|x64.ActiveCfg = Debug|Any CPU
		{F0CB07CA-B2F3-4FD8-9394-989CEE5B18C0}.AppStore|x64.Build.0 = Debug|Any CPU
		{F0CB07CA-B2F3-4FD8-9394-989CEE5B18C0}.AppStore|x86.ActiveCfg = Debug|Any CPU
		{F0CB07CA-B2F3-4FD8-9394-989CEE5B18C0}.AppStore|x86.Build.0 = Debug|Any CPU
		{F0CB07CA-B2F3-4FD8-9394-989CEE5B18C0}.Debug|Any CPU.ActiveCfg = Debug|Any CPU
		{F0CB07CA-B2F3-4FD8-9394-989CEE5B18C0}.Debug|Any CPU.Build.0 = Debug|Any CPU
		{F0CB07CA-B2F3-4FD8-9394-989CEE5B18C0}.Debug|ARM.ActiveCfg = Debug|Any CPU
		{F0CB07CA-B2F3-4FD8-9394-989CEE5B18C0}.Debug|ARM.Build.0 = Debug|Any CPU
		{F0CB07CA-B2F3-4FD8-9394-989CEE5B18C0}.Debug|iPhone.ActiveCfg = Debug|Any CPU
		{F0CB07CA-B2F3-4FD8-9394-989CEE5B18C0}.Debug|iPhone.Build.0 = Debug|Any CPU
		{F0CB07CA-B2F3-4FD8-9394-989CEE5B18C0}.Debug|iPhoneSimulator.ActiveCfg = Debug|Any CPU
		{F0CB07CA-B2F3-4FD8-9394-989CEE5B18C0}.Debug|iPhoneSimulator.Build.0 = Debug|Any CPU
		{F0CB07CA-B2F3-4FD8-9394-989CEE5B18C0}.Debug|x64.ActiveCfg = Debug|Any CPU
		{F0CB07CA-B2F3-4FD8-9394-989CEE5B18C0}.Debug|x64.Build.0 = Debug|Any CPU
		{F0CB07CA-B2F3-4FD8-9394-989CEE5B18C0}.Debug|x86.ActiveCfg = Debug|Any CPU
		{F0CB07CA-B2F3-4FD8-9394-989CEE5B18C0}.Debug|x86.Build.0 = Debug|Any CPU
		{F0CB07CA-B2F3-4FD8-9394-989CEE5B18C0}.Release|Any CPU.ActiveCfg = Release|Any CPU
		{F0CB07CA-B2F3-4FD8-9394-989CEE5B18C0}.Release|Any CPU.Build.0 = Release|Any CPU
		{F0CB07CA-B2F3-4FD8-9394-989CEE5B18C0}.Release|ARM.ActiveCfg = Release|Any CPU
		{F0CB07CA-B2F3-4FD8-9394-989CEE5B18C0}.Release|ARM.Build.0 = Release|Any CPU
		{F0CB07CA-B2F3-4FD8-9394-989CEE5B18C0}.Release|iPhone.ActiveCfg = Release|Any CPU
		{F0CB07CA-B2F3-4FD8-9394-989CEE5B18C0}.Release|iPhone.Build.0 = Release|Any CPU
		{F0CB07CA-B2F3-4FD8-9394-989CEE5B18C0}.Release|iPhoneSimulator.ActiveCfg = Release|Any CPU
		{F0CB07CA-B2F3-4FD8-9394-989CEE5B18C0}.Release|iPhoneSimulator.Build.0 = Release|Any CPU
		{F0CB07CA-B2F3-4FD8-9394-989CEE5B18C0}.Release|x64.ActiveCfg = Release|Any CPU
		{F0CB07CA-B2F3-4FD8-9394-989CEE5B18C0}.Release|x64.Build.0 = Release|Any CPU
		{F0CB07CA-B2F3-4FD8-9394-989CEE5B18C0}.Release|x86.ActiveCfg = Release|Any CPU
		{F0CB07CA-B2F3-4FD8-9394-989CEE5B18C0}.Release|x86.Build.0 = Release|Any CPU
		{B7637A42-E0FB-49A6-92E2-E329C047571B}.Ad-Hoc|Any CPU.ActiveCfg = Release|Any CPU
		{B7637A42-E0FB-49A6-92E2-E329C047571B}.Ad-Hoc|Any CPU.Build.0 = Release|Any CPU
		{B7637A42-E0FB-49A6-92E2-E329C047571B}.Ad-Hoc|ARM.ActiveCfg = Release|Any CPU
		{B7637A42-E0FB-49A6-92E2-E329C047571B}.Ad-Hoc|ARM.Build.0 = Release|Any CPU
		{B7637A42-E0FB-49A6-92E2-E329C047571B}.Ad-Hoc|iPhone.ActiveCfg = Release|Any CPU
		{B7637A42-E0FB-49A6-92E2-E329C047571B}.Ad-Hoc|iPhone.Build.0 = Release|Any CPU
		{B7637A42-E0FB-49A6-92E2-E329C047571B}.Ad-Hoc|iPhoneSimulator.ActiveCfg = Release|Any CPU
		{B7637A42-E0FB-49A6-92E2-E329C047571B}.Ad-Hoc|iPhoneSimulator.Build.0 = Release|Any CPU
		{B7637A42-E0FB-49A6-92E2-E329C047571B}.Ad-Hoc|x64.ActiveCfg = Release|Any CPU
		{B7637A42-E0FB-49A6-92E2-E329C047571B}.Ad-Hoc|x64.Build.0 = Release|Any CPU
		{B7637A42-E0FB-49A6-92E2-E329C047571B}.Ad-Hoc|x86.ActiveCfg = Release|Any CPU
		{B7637A42-E0FB-49A6-92E2-E329C047571B}.Ad-Hoc|x86.Build.0 = Release|Any CPU
		{B7637A42-E0FB-49A6-92E2-E329C047571B}.AppStore|Any CPU.ActiveCfg = Release|Any CPU
		{B7637A42-E0FB-49A6-92E2-E329C047571B}.AppStore|Any CPU.Build.0 = Release|Any CPU
		{B7637A42-E0FB-49A6-92E2-E329C047571B}.AppStore|ARM.ActiveCfg = Release|Any CPU
		{B7637A42-E0FB-49A6-92E2-E329C047571B}.AppStore|ARM.Build.0 = Release|Any CPU
		{B7637A42-E0FB-49A6-92E2-E329C047571B}.AppStore|iPhone.ActiveCfg = Release|Any CPU
		{B7637A42-E0FB-49A6-92E2-E329C047571B}.AppStore|iPhone.Build.0 = Release|Any CPU
		{B7637A42-E0FB-49A6-92E2-E329C047571B}.AppStore|iPhoneSimulator.ActiveCfg = Release|Any CPU
		{B7637A42-E0FB-49A6-92E2-E329C047571B}.AppStore|iPhoneSimulator.Build.0 = Release|Any CPU
		{B7637A42-E0FB-49A6-92E2-E329C047571B}.AppStore|x64.ActiveCfg = Release|Any CPU
		{B7637A42-E0FB-49A6-92E2-E329C047571B}.AppStore|x64.Build.0 = Release|Any CPU
		{B7637A42-E0FB-49A6-92E2-E329C047571B}.AppStore|x86.ActiveCfg = Release|Any CPU
		{B7637A42-E0FB-49A6-92E2-E329C047571B}.AppStore|x86.Build.0 = Release|Any CPU
		{B7637A42-E0FB-49A6-92E2-E329C047571B}.Debug|Any CPU.ActiveCfg = Debug|Any CPU
		{B7637A42-E0FB-49A6-92E2-E329C047571B}.Debug|Any CPU.Build.0 = Debug|Any CPU
		{B7637A42-E0FB-49A6-92E2-E329C047571B}.Debug|Any CPU.Deploy.0 = Debug|Any CPU
		{B7637A42-E0FB-49A6-92E2-E329C047571B}.Debug|ARM.ActiveCfg = Debug|Any CPU
		{B7637A42-E0FB-49A6-92E2-E329C047571B}.Debug|ARM.Build.0 = Debug|Any CPU
		{B7637A42-E0FB-49A6-92E2-E329C047571B}.Debug|iPhone.ActiveCfg = Debug|Any CPU
		{B7637A42-E0FB-49A6-92E2-E329C047571B}.Debug|iPhone.Build.0 = Debug|Any CPU
		{B7637A42-E0FB-49A6-92E2-E329C047571B}.Debug|iPhoneSimulator.ActiveCfg = Debug|Any CPU
		{B7637A42-E0FB-49A6-92E2-E329C047571B}.Debug|iPhoneSimulator.Build.0 = Debug|Any CPU
		{B7637A42-E0FB-49A6-92E2-E329C047571B}.Debug|x64.ActiveCfg = Debug|Any CPU
		{B7637A42-E0FB-49A6-92E2-E329C047571B}.Debug|x64.Build.0 = Debug|Any CPU
		{B7637A42-E0FB-49A6-92E2-E329C047571B}.Debug|x86.ActiveCfg = Debug|Any CPU
		{B7637A42-E0FB-49A6-92E2-E329C047571B}.Debug|x86.Build.0 = Debug|Any CPU
		{B7637A42-E0FB-49A6-92E2-E329C047571B}.Release|Any CPU.ActiveCfg = Release|Any CPU
		{B7637A42-E0FB-49A6-92E2-E329C047571B}.Release|Any CPU.Build.0 = Release|Any CPU
		{B7637A42-E0FB-49A6-92E2-E329C047571B}.Release|Any CPU.Deploy.0 = Release|Any CPU
		{B7637A42-E0FB-49A6-92E2-E329C047571B}.Release|ARM.ActiveCfg = Release|Any CPU
		{B7637A42-E0FB-49A6-92E2-E329C047571B}.Release|ARM.Build.0 = Release|Any CPU
		{B7637A42-E0FB-49A6-92E2-E329C047571B}.Release|iPhone.ActiveCfg = Release|Any CPU
		{B7637A42-E0FB-49A6-92E2-E329C047571B}.Release|iPhone.Build.0 = Release|Any CPU
		{B7637A42-E0FB-49A6-92E2-E329C047571B}.Release|iPhoneSimulator.ActiveCfg = Release|Any CPU
		{B7637A42-E0FB-49A6-92E2-E329C047571B}.Release|iPhoneSimulator.Build.0 = Release|Any CPU
		{B7637A42-E0FB-49A6-92E2-E329C047571B}.Release|x64.ActiveCfg = Release|Any CPU
		{B7637A42-E0FB-49A6-92E2-E329C047571B}.Release|x64.Build.0 = Release|Any CPU
		{B7637A42-E0FB-49A6-92E2-E329C047571B}.Release|x86.ActiveCfg = Release|Any CPU
		{B7637A42-E0FB-49A6-92E2-E329C047571B}.Release|x86.Build.0 = Release|Any CPU
		{C87AF44E-BCD7-4EE4-9E97-DB13C542B14F}.Ad-Hoc|Any CPU.ActiveCfg = Ad-Hoc|iPhone
		{C87AF44E-BCD7-4EE4-9E97-DB13C542B14F}.Ad-Hoc|ARM.ActiveCfg = Ad-Hoc|iPhone
		{C87AF44E-BCD7-4EE4-9E97-DB13C542B14F}.Ad-Hoc|iPhone.ActiveCfg = Ad-Hoc|iPhone
		{C87AF44E-BCD7-4EE4-9E97-DB13C542B14F}.Ad-Hoc|iPhone.Build.0 = Ad-Hoc|iPhone
		{C87AF44E-BCD7-4EE4-9E97-DB13C542B14F}.Ad-Hoc|iPhoneSimulator.ActiveCfg = Ad-Hoc|iPhoneSimulator
		{C87AF44E-BCD7-4EE4-9E97-DB13C542B14F}.Ad-Hoc|iPhoneSimulator.Build.0 = Ad-Hoc|iPhoneSimulator
		{C87AF44E-BCD7-4EE4-9E97-DB13C542B14F}.Ad-Hoc|x64.ActiveCfg = Ad-Hoc|iPhone
		{C87AF44E-BCD7-4EE4-9E97-DB13C542B14F}.Ad-Hoc|x86.ActiveCfg = Ad-Hoc|iPhone
		{C87AF44E-BCD7-4EE4-9E97-DB13C542B14F}.AppStore|Any CPU.ActiveCfg = AppStore|iPhone
		{C87AF44E-BCD7-4EE4-9E97-DB13C542B14F}.AppStore|ARM.ActiveCfg = AppStore|iPhone
		{C87AF44E-BCD7-4EE4-9E97-DB13C542B14F}.AppStore|iPhone.ActiveCfg = AppStore|iPhone
		{C87AF44E-BCD7-4EE4-9E97-DB13C542B14F}.AppStore|iPhone.Build.0 = AppStore|iPhone
		{C87AF44E-BCD7-4EE4-9E97-DB13C542B14F}.AppStore|iPhoneSimulator.ActiveCfg = AppStore|iPhoneSimulator
		{C87AF44E-BCD7-4EE4-9E97-DB13C542B14F}.AppStore|iPhoneSimulator.Build.0 = AppStore|iPhoneSimulator
		{C87AF44E-BCD7-4EE4-9E97-DB13C542B14F}.AppStore|x64.ActiveCfg = AppStore|iPhone
		{C87AF44E-BCD7-4EE4-9E97-DB13C542B14F}.AppStore|x86.ActiveCfg = AppStore|iPhone
		{C87AF44E-BCD7-4EE4-9E97-DB13C542B14F}.Debug|Any CPU.ActiveCfg = Debug|iPhone
		{C87AF44E-BCD7-4EE4-9E97-DB13C542B14F}.Debug|Any CPU.Build.0 = Debug|iPhone
		{C87AF44E-BCD7-4EE4-9E97-DB13C542B14F}.Debug|ARM.ActiveCfg = Debug|iPhone
		{C87AF44E-BCD7-4EE4-9E97-DB13C542B14F}.Debug|iPhone.ActiveCfg = Debug|iPhone
		{C87AF44E-BCD7-4EE4-9E97-DB13C542B14F}.Debug|iPhone.Build.0 = Debug|iPhone
		{C87AF44E-BCD7-4EE4-9E97-DB13C542B14F}.Debug|iPhoneSimulator.ActiveCfg = Debug|iPhoneSimulator
		{C87AF44E-BCD7-4EE4-9E97-DB13C542B14F}.Debug|iPhoneSimulator.Build.0 = Debug|iPhoneSimulator
		{C87AF44E-BCD7-4EE4-9E97-DB13C542B14F}.Debug|x64.ActiveCfg = Debug|iPhone
		{C87AF44E-BCD7-4EE4-9E97-DB13C542B14F}.Debug|x86.ActiveCfg = Debug|iPhone
		{C87AF44E-BCD7-4EE4-9E97-DB13C542B14F}.Release|Any CPU.ActiveCfg = Release|iPhone
		{C87AF44E-BCD7-4EE4-9E97-DB13C542B14F}.Release|ARM.ActiveCfg = Release|iPhone
		{C87AF44E-BCD7-4EE4-9E97-DB13C542B14F}.Release|iPhone.ActiveCfg = Release|iPhone
		{C87AF44E-BCD7-4EE4-9E97-DB13C542B14F}.Release|iPhone.Build.0 = Release|iPhone
		{C87AF44E-BCD7-4EE4-9E97-DB13C542B14F}.Release|iPhoneSimulator.ActiveCfg = Release|iPhoneSimulator
		{C87AF44E-BCD7-4EE4-9E97-DB13C542B14F}.Release|iPhoneSimulator.Build.0 = Release|iPhoneSimulator
		{C87AF44E-BCD7-4EE4-9E97-DB13C542B14F}.Release|x64.ActiveCfg = Release|iPhone
		{C87AF44E-BCD7-4EE4-9E97-DB13C542B14F}.Release|x86.ActiveCfg = Release|iPhone
	EndGlobalSection
	GlobalSection(SolutionProperties) = preSolution
		HideSolutionNode = FALSE
	EndGlobalSection
	GlobalSection(ExtensibilityGlobals) = postSolution
		SolutionGuid = {F6D05029-56B8-4E45-AF2D-0E76295DDBA2}
	EndGlobalSection
EndGlobal
