
Microsoft Visual Studio Solution File, Format Version 12.00
# Visual Studio 15
VisualStudioVersion = 15.0.26730.10
MinimumVisualStudioVersion = 10.0.40219.1

Project("{6EC3EE1D-3C4E-46DD-8F32-0CC8E7565705}") = "App", "App\App.fsproj", "{F0CB07CA-B2F3-4FD8-9394-989CEE5B18C0}"
EndProject

Project("{F2A71F9B-5D33-465A-A702-920D77279786}") = "App.Android", "App.Android\App.Android.fsproj", "{B7637A42-E0FB-49A6-92E2-E329C047571B}"
EndProject


Project("{F2A71F9B-5D33-465A-A702-920D77279786}") = "App.iOS", "App.iOS\App.iOS.fsproj", "{C87AF44E-BCD7-4EE4-9E97-DB13C542B14F}"
EndProject




Global
	GlobalSection(SolutionConfigurationPlatforms) = preSolution
		Ad-Hoc|Any CPU = Ad-Hoc|Any CPU
		Ad-Hoc|ARM = Ad-Hoc|ARM
		Ad-Hoc|iPhone = Ad-Hoc|iPhone
		Ad-Hoc|iPhoneSimulator = Ad-Hoc|iPhoneSimulator
		Ad-Hoc|x64 = Ad-Hoc|x64
		Ad-Hoc|x86 = Ad-Hoc|x86
		AppStore|Any CPU = AppStore|Any CPU
		AppStore|ARM = AppStore|ARM
		AppStore|iPhone = AppStore|iPhone
		AppStore|iPhoneSimulator = AppStore|iPhoneSimulator
		AppStore|x64 = AppStore|x64
		AppStore|x86 = AppStore|x86
		Debug|Any CPU = Debug|Any CPU
		Debug|ARM = Debug|ARM
		Debug|iPhone = Debug|iPhone
		Debug|iPhoneSimulator = Debug|iPhoneSimulator
		Debug|x64 = Debug|x64
		Debug|x86 = Debug|x86
		Release|Any CPU = Release|Any CPU
		Release|ARM = Release|ARM
		Release|iPhone = Release|iPhone
		Release|iPhoneSimulator = Release|iPhoneSimulator
		Release|x64 = Release|x64
		Release|x86 = Release|x86
	EndGlobalSection
	GlobalSection(ProjectConfigurationPlatforms) = postSolution
		{F0CB07CA-B2F3-4FD8-9394-989CEE5B18C0}.Ad-Hoc|Any CPU.ActiveCfg = Debug|Any CPU
		{F0CB07CA-B2F3-4FD8-9394-989CEE5B18C0}.Ad-Hoc|Any CPU.Build.0 = Debug|Any CPU
		{F0CB07CA-B2F3-4FD8-9394-989CEE5B18C0}.Ad-Hoc|ARM.ActiveCfg = Debug|Any CPU
		{F0CB07CA-B2F3-4FD8-9394-989CEE5B18C0}.Ad-Hoc|ARM.Build.0 = Debug|Any CPU
		{F0CB07CA-B2F3-4FD8-9394-989CEE5B18C0}.Ad-Hoc|iPhone.ActiveCfg = Debug|Any CPU
		{F0CB07CA-B2F3-4FD8-9394-989CEE5B18C0}.Ad-Hoc|iPhone.Build.0 = Debug|Any CPU
		{F0CB07CA-B2F3-4FD8-9394-989CEE5B18C0}.Ad-Hoc|iPhoneSimulator.ActiveCfg = Debug|Any CPU
		{F0CB07CA-B2F3-4FD8-9394-989CEE5B18C0}.Ad-Hoc|iPhoneSimulator.Build.0 = Debug|Any CPU
		{F0CB07CA-B2F3-4FD8-9394-989CEE5B18C0}.Ad-Hoc|x64.ActiveCfg = Debug|Any CPU
		{F0CB07CA-B2F3-4FD8-9394-989CEE5B18C0}.Ad-Hoc|x64.Build.0 = Debug|Any CPU
		{F0CB07CA-B2F3-4FD8-9394-989CEE5B18C0}.Ad-Hoc|x86.ActiveCfg = Debug|Any CPU
		{F0CB07CA-B2F3-4FD8-9394-989CEE5B18C0}.Ad-Hoc|x86.Build.0 = Debug|Any CPU
		{F0CB07CA-B2F3-4FD8-9394-989CEE5B18C0}.AppStore|Any CPU.ActiveCfg = Debug|Any CPU
		{F0CB07CA-B2F3-4FD8-9394-989CEE5B18C0}.AppStore|Any CPU.Build.0 = Debug|Any CPU
		{F0CB07CA-B2F3-4FD8-9394-989CEE5B18C0}.AppStore|ARM.ActiveCfg = Debug|Any CPU
		{F0CB07CA-B2F3-4FD8-9394-989CEE5B18C0}.AppStore|ARM.Build.0 = Debug|Any CPU
		{F0CB07CA-B2F3-4FD8-9394-989CEE5B18C0}.AppStore|iPhone.ActiveCfg = Debug|Any CPU
		{F0CB07CA-B2F3-4FD8-9394-989CEE5B18C0}.AppStore|iPhone.Build.0 = Debug|Any CPU
		{F0CB07CA-B2F3-4FD8-9394-989CEE5B18C0}.AppStore|iPhoneSimulator.ActiveCfg = Debug|Any CPU
		{F0CB07CA-B2F3-4FD8-9394-989CEE5B18C0}.AppStore|iPhoneSimulator.Build.0 = Debug|Any CPU
		{F0CB07CA-B2F3-4FD8-9394-989CEE5B18C0}.AppStore|x64.ActiveCfg = Debug|Any CPU
		{F0CB07CA-B2F3-4FD8-9394-989CEE5B18C0}.AppStore|x64.Build.0 = Debug|Any CPU
		{F0CB07CA-B2F3-4FD8-9394-989CEE5B18C0}.AppStore|x86.ActiveCfg = Debug|Any CPU
		{F0CB07CA-B2F3-4FD8-9394-989CEE5B18C0}.AppStore|x86.Build.0 = Debug|Any CPU
		{F0CB07CA-B2F3-4FD8-9394-989CEE5B18C0}.Debug|Any CPU.ActiveCfg = Debug|Any CPU
		{F0CB07CA-B2F3-4FD8-9394-989CEE5B18C0}.Debug|Any CPU.Build.0 = Debug|Any CPU
		{F0CB07CA-B2F3-4FD8-9394-989CEE5B18C0}.Debug|ARM.ActiveCfg = Debug|Any CPU
		{F0CB07CA-B2F3-4FD8-9394-989CEE5B18C0}.Debug|ARM.Build.0 = Debug|Any CPU
		{F0CB07CA-B2F3-4FD8-9394-989CEE5B18C0}.Debug|iPhone.ActiveCfg = Debug|Any CPU
		{F0CB07CA-B2F3-4FD8-9394-989CEE5B18C0}.Debug|iPhone.Build.0 = Debug|Any CPU
		{F0CB07CA-B2F3-4FD8-9394-989CEE5B18C0}.Debug|iPhoneSimulator.ActiveCfg = Debug|Any CPU
		{F0CB07CA-B2F3-4FD8-9394-989CEE5B18C0}.Debug|iPhoneSimulator.Build.0 = Debug|Any CPU
		{F0CB07CA-B2F3-4FD8-9394-989CEE5B18C0}.Debug|x64.ActiveCfg = Debug|Any CPU
		{F0CB07CA-B2F3-4FD8-9394-989CEE5B18C0}.Debug|x64.Build.0 = Debug|Any CPU
		{F0CB07CA-B2F3-4FD8-9394-989CEE5B18C0}.Debug|x86.ActiveCfg = Debug|Any CPU
		{F0CB07CA-B2F3-4FD8-9394-989CEE5B18C0}.Debug|x86.Build.0 = Debug|Any CPU
		{F0CB07CA-B2F3-4FD8-9394-989CEE5B18C0}.Release|Any CPU.ActiveCfg = Release|Any CPU
		{F0CB07CA-B2F3-4FD8-9394-989CEE5B18C0}.Release|Any CPU.Build.0 = Release|Any CPU
		{F0CB07CA-B2F3-4FD8-9394-989CEE5B18C0}.Release|ARM.ActiveCfg = Release|Any CPU
		{F0CB07CA-B2F3-4FD8-9394-989CEE5B18C0}.Release|ARM.Build.0 = Release|Any CPU
		{F0CB07CA-B2F3-4FD8-9394-989CEE5B18C0}.Release|iPhone.ActiveCfg = Release|Any CPU
		{F0CB07CA-B2F3-4FD8-9394-989CEE5B18C0}.Release|iPhone.Build.0 = Release|Any CPU
		{F0CB07CA-B2F3-4FD8-9394-989CEE5B18C0}.Release|iPhoneSimulator.ActiveCfg = Release|Any CPU
		{F0CB07CA-B2F3-4FD8-9394-989CEE5B18C0}.Release|iPhoneSimulator.Build.0 = Release|Any CPU
		{F0CB07CA-B2F3-4FD8-9394-989CEE5B18C0}.Release|x64.ActiveCfg = Release|Any CPU
		{F0CB07CA-B2F3-4FD8-9394-989CEE5B18C0}.Release|x64.Build.0 = Release|Any CPU
		{F0CB07CA-B2F3-4FD8-9394-989CEE5B18C0}.Release|x86.ActiveCfg = Release|Any CPU
		{F0CB07CA-B2F3-4FD8-9394-989CEE5B18C0}.Release|x86.Build.0 = Release|Any CPU
		{C87AF44E-BCD7-4EE4-9E97-DB13C542B14F}.Ad-Hoc|Any CPU.ActiveCfg = Ad-Hoc|iPhone
		{C87AF44E-BCD7-4EE4-9E97-DB13C542B14F}.Ad-Hoc|ARM.ActiveCfg = Ad-Hoc|iPhone
		{C87AF44E-BCD7-4EE4-9E97-DB13C542B14F}.Ad-Hoc|iPhone.ActiveCfg = Ad-Hoc|iPhone
		{C87AF44E-BCD7-4EE4-9E97-DB13C542B14F}.Ad-Hoc|iPhone.Build.0 = Ad-Hoc|iPhone
		{C87AF44E-BCD7-4EE4-9E97-DB13C542B14F}.Ad-Hoc|iPhoneSimulator.ActiveCfg = Ad-Hoc|iPhoneSimulator
		{C87AF44E-BCD7-4EE4-9E97-DB13C542B14F}.Ad-Hoc|iPhoneSimulator.Build.0 = Ad-Hoc|iPhoneSimulator
		{C87AF44E-BCD7-4EE4-9E97-DB13C542B14F}.Ad-Hoc|x64.ActiveCfg = Ad-Hoc|iPhone
		{C87AF44E-BCD7-4EE4-9E97-DB13C542B14F}.Ad-Hoc|x86.ActiveCfg = Ad-Hoc|iPhone
		{C87AF44E-BCD7-4EE4-9E97-DB13C542B14F}.AppStore|Any CPU.ActiveCfg = AppStore|iPhone
		{C87AF44E-BCD7-4EE4-9E97-DB13C542B14F}.AppStore|ARM.ActiveCfg = AppStore|iPhone
		{C87AF44E-BCD7-4EE4-9E97-DB13C542B14F}.AppStore|iPhone.ActiveCfg = AppStore|iPhone
		{C87AF44E-BCD7-4EE4-9E97-DB13C542B14F}.AppStore|iPhone.Build.0 = AppStore|iPhone
		{C87AF44E-BCD7-4EE4-9E97-DB13C542B14F}.AppStore|iPhoneSimulator.ActiveCfg = AppStore|iPhoneSimulator
		{C87AF44E-BCD7-4EE4-9E97-DB13C542B14F}.AppStore|iPhoneSimulator.Build.0 = AppStore|iPhoneSimulator
		{C87AF44E-BCD7-4EE4-9E97-DB13C542B14F}.AppStore|x64.ActiveCfg = AppStore|iPhone
		{C87AF44E-BCD7-4EE4-9E97-DB13C542B14F}.AppStore|x86.ActiveCfg = AppStore|iPhone
		{C87AF44E-BCD7-4EE4-9E97-DB13C542B14F}.Debug|Any CPU.ActiveCfg = Debug|iPhone
		{C87AF44E-BCD7-4EE4-9E97-DB13C542B14F}.Debug|ARM.ActiveCfg = Debug|iPhone
		{C87AF44E-BCD7-4EE4-9E97-DB13C542B14F}.Debug|iPhone.ActiveCfg = Debug|iPhone
		{C87AF44E-BCD7-4EE4-9E97-DB13C542B14F}.Debug|iPhone.Build.0 = Debug|iPhone
		{C87AF44E-BCD7-4EE4-9E97-DB13C542B14F}.Debug|iPhoneSimulator.ActiveCfg = Debug|iPhoneSimulator
		{C87AF44E-BCD7-4EE4-9E97-DB13C542B14F}.Debug|iPhoneSimulator.Build.0 = Debug|iPhoneSimulator
		{C87AF44E-BCD7-4EE4-9E97-DB13C542B14F}.Debug|x64.ActiveCfg = Debug|iPhone
		{C87AF44E-BCD7-4EE4-9E97-DB13C542B14F}.Debug|x86.ActiveCfg = Debug|iPhone
		{C87AF44E-BCD7-4EE4-9E97-DB13C542B14F}.Release|Any CPU.ActiveCfg = Release|iPhone
		{C87AF44E-BCD7-4EE4-9E97-DB13C542B14F}.Release|ARM.ActiveCfg = Release|iPhone
		{C87AF44E-BCD7-4EE4-9E97-DB13C542B14F}.Release|iPhone.ActiveCfg = Release|iPhone
		{C87AF44E-BCD7-4EE4-9E97-DB13C542B14F}.Release|iPhone.Build.0 = Release|iPhone
		{C87AF44E-BCD7-4EE4-9E97-DB13C542B14F}.Release|iPhoneSimulator.ActiveCfg = Release|iPhoneSimulator
		{C87AF44E-BCD7-4EE4-9E97-DB13C542B14F}.Release|iPhoneSimulator.Build.0 = Release|iPhoneSimulator
		{C87AF44E-BCD7-4EE4-9E97-DB13C542B14F}.Release|x64.ActiveCfg = Release|iPhone
		{C87AF44E-BCD7-4EE4-9E97-DB13C542B14F}.Release|x86.ActiveCfg = Release|iPhone
		{56F43B04-5585-476B-A027-CC4C514EB106}.Ad-Hoc|Any CPU.ActiveCfg = Release|x86
		{56F43B04-5585-476B-A027-CC4C514EB106}.Ad-Hoc|Any CPU.Build.0 = Release|x86
		{56F43B04-5585-476B-A027-CC4C514EB106}.Ad-Hoc|Any CPU.Deploy.0 = Release|x86
		{56F43B04-5585-476B-A027-CC4C514EB106}.Ad-Hoc|ARM.ActiveCfg = Release|ARM
		{56F43B04-5585-476B-A027-CC4C514EB106}.Ad-Hoc|ARM.Build.0 = Release|ARM
		{56F43B04-5585-476B-A027-CC4C514EB106}.Ad-Hoc|ARM.Deploy.0 = Release|ARM
		{56F43B04-5585-476B-A027-CC4C514EB106}.Ad-Hoc|iPhone.ActiveCfg = Release|x86
		{56F43B04-5585-476B-A027-CC4C514EB106}.Ad-Hoc|iPhone.Build.0 = Release|x86
		{56F43B04-5585-476B-A027-CC4C514EB106}.Ad-Hoc|iPhone.Deploy.0 = Release|x86
		{56F43B04-5585-476B-A027-CC4C514EB106}.Ad-Hoc|iPhoneSimulator.ActiveCfg = Release|x86
		{56F43B04-5585-476B-A027-CC4C514EB106}.Ad-Hoc|iPhoneSimulator.Build.0 = Release|x86
		{56F43B04-5585-476B-A027-CC4C514EB106}.Ad-Hoc|iPhoneSimulator.Deploy.0 = Release|x86
		{56F43B04-5585-476B-A027-CC4C514EB106}.Ad-Hoc|x64.ActiveCfg = Release|x64
		{56F43B04-5585-476B-A027-CC4C514EB106}.Ad-Hoc|x64.Build.0 = Release|x64
		{56F43B04-5585-476B-A027-CC4C514EB106}.Ad-Hoc|x64.Deploy.0 = Release|x64
		{56F43B04-5585-476B-A027-CC4C514EB106}.Ad-Hoc|x86.ActiveCfg = Release|x86
		{56F43B04-5585-476B-A027-CC4C514EB106}.Ad-Hoc|x86.Build.0 = Release|x86
		{56F43B04-5585-476B-A027-CC4C514EB106}.Ad-Hoc|x86.Deploy.0 = Release|x86
		{56F43B04-5585-476B-A027-CC4C514EB106}.AppStore|Any CPU.ActiveCfg = Release|x86
		{56F43B04-5585-476B-A027-CC4C514EB106}.AppStore|Any CPU.Build.0 = Release|x86
		{56F43B04-5585-476B-A027-CC4C514EB106}.AppStore|Any CPU.Deploy.0 = Release|x86
		{56F43B04-5585-476B-A027-CC4C514EB106}.AppStore|ARM.ActiveCfg = Release|ARM
		{56F43B04-5585-476B-A027-CC4C514EB106}.AppStore|ARM.Build.0 = Release|ARM
		{56F43B04-5585-476B-A027-CC4C514EB106}.AppStore|ARM.Deploy.0 = Release|ARM
		{56F43B04-5585-476B-A027-CC4C514EB106}.AppStore|iPhone.ActiveCfg = Release|x86
		{56F43B04-5585-476B-A027-CC4C514EB106}.AppStore|iPhone.Build.0 = Release|x86
		{56F43B04-5585-476B-A027-CC4C514EB106}.AppStore|iPhone.Deploy.0 = Release|x86
		{56F43B04-5585-476B-A027-CC4C514EB106}.AppStore|iPhoneSimulator.ActiveCfg = Release|x86
		{56F43B04-5585-476B-A027-CC4C514EB106}.AppStore|iPhoneSimulator.Build.0 = Release|x86
		{56F43B04-5585-476B-A027-CC4C514EB106}.AppStore|iPhoneSimulator.Deploy.0 = Release|x86
		{56F43B04-5585-476B-A027-CC4C514EB106}.AppStore|x64.ActiveCfg = Release|x64
		{56F43B04-5585-476B-A027-CC4C514EB106}.AppStore|x64.Build.0 = Release|x64
		{56F43B04-5585-476B-A027-CC4C514EB106}.AppStore|x64.Deploy.0 = Release|x64
		{56F43B04-5585-476B-A027-CC4C514EB106}.AppStore|x86.ActiveCfg = Release|x86
		{56F43B04-5585-476B-A027-CC4C514EB106}.AppStore|x86.Build.0 = Release|x86
		{56F43B04-5585-476B-A027-CC4C514EB106}.AppStore|x86.Deploy.0 = Release|x86
		{56F43B04-5585-476B-A027-CC4C514EB106}.Debug|Any CPU.ActiveCfg = Debug|x86
		{56F43B04-5585-476B-A027-CC4C514EB106}.Debug|ARM.ActiveCfg = Debug|ARM
		{56F43B04-5585-476B-A027-CC4C514EB106}.Debug|ARM.Build.0 = Debug|ARM
		{56F43B04-5585-476B-A027-CC4C514EB106}.Debug|ARM.Deploy.0 = Debug|ARM
		{56F43B04-5585-476B-A027-CC4C514EB106}.Debug|iPhone.ActiveCfg = Debug|x86
		{56F43B04-5585-476B-A027-CC4C514EB106}.Debug|iPhoneSimulator.ActiveCfg = Debug|x86
		{56F43B04-5585-476B-A027-CC4C514EB106}.Debug|x64.ActiveCfg = Debug|x64
		{56F43B04-5585-476B-A027-CC4C514EB106}.Debug|x64.Build.0 = Debug|x64
		{56F43B04-5585-476B-A027-CC4C514EB106}.Debug|x64.Deploy.0 = Debug|x64
		{56F43B04-5585-476B-A027-CC4C514EB106}.Debug|x86.ActiveCfg = Debug|x86
		{56F43B04-5585-476B-A027-CC4C514EB106}.Debug|x86.Build.0 = Debug|x86
		{56F43B04-5585-476B-A027-CC4C514EB106}.Debug|x86.Deploy.0 = Debug|x86
		{56F43B04-5585-476B-A027-CC4C514EB106}.Release|Any CPU.ActiveCfg = Release|x86
		{56F43B04-5585-476B-A027-CC4C514EB106}.Release|ARM.ActiveCfg = Release|ARM
		{56F43B04-5585-476B-A027-CC4C514EB106}.Release|ARM.Build.0 = Release|ARM
		{56F43B04-5585-476B-A027-CC4C514EB106}.Release|ARM.Deploy.0 = Release|ARM
		{56F43B04-5585-476B-A027-CC4C514EB106}.Release|iPhone.ActiveCfg = Release|x86
		{56F43B04-5585-476B-A027-CC4C514EB106}.Release|iPhoneSimulator.ActiveCfg = Release|x86
		{56F43B04-5585-476B-A027-CC4C514EB106}.Release|x64.ActiveCfg = Release|x64
		{56F43B04-5585-476B-A027-CC4C514EB106}.Release|x64.Build.0 = Release|x64
		{56F43B04-5585-476B-A027-CC4C514EB106}.Release|x64.Deploy.0 = Release|x64
		{56F43B04-5585-476B-A027-CC4C514EB106}.Release|x86.ActiveCfg = Release|x86
		{56F43B04-5585-476B-A027-CC4C514EB106}.Release|x86.Build.0 = Release|x86
		{56F43B04-5585-476B-A027-CC4C514EB106}.Release|x86.Deploy.0 = Release|x86
		{B3DDF825-A09A-4A80-90FB-70A179B7D661}.Ad-Hoc|Any CPU.ActiveCfg = Release|Any CPU
		{B3DDF825-A09A-4A80-90FB-70A179B7D661}.Ad-Hoc|Any CPU.Build.0 = Release|Any CPU
		{B3DDF825-A09A-4A80-90FB-70A179B7D661}.Ad-Hoc|ARM.ActiveCfg = Release|Any CPU
		{B3DDF825-A09A-4A80-90FB-70A179B7D661}.Ad-Hoc|ARM.Build.0 = Release|Any CPU
		{B3DDF825-A09A-4A80-90FB-70A179B7D661}.Ad-Hoc|iPhone.ActiveCfg = Release|Any CPU
		{B3DDF825-A09A-4A80-90FB-70A179B7D661}.Ad-Hoc|iPhone.Build.0 = Release|Any CPU
		{B3DDF825-A09A-4A80-90FB-70A179B7D661}.Ad-Hoc|iPhoneSimulator.ActiveCfg = Release|Any CPU
		{B3DDF825-A09A-4A80-90FB-70A179B7D661}.Ad-Hoc|iPhoneSimulator.Build.0 = Release|Any CPU
		{B3DDF825-A09A-4A80-90FB-70A179B7D661}.Ad-Hoc|x64.ActiveCfg = Release|Any CPU
		{B3DDF825-A09A-4A80-90FB-70A179B7D661}.Ad-Hoc|x64.Build.0 = Release|Any CPU
		{B3DDF825-A09A-4A80-90FB-70A179B7D661}.Ad-Hoc|x86.ActiveCfg = Release|Any CPU
		{B3DDF825-A09A-4A80-90FB-70A179B7D661}.Ad-Hoc|x86.Build.0 = Release|Any CPU
		{B3DDF825-A09A-4A80-90FB-70A179B7D661}.AppStore|Any CPU.ActiveCfg = Release|Any CPU
		{B3DDF825-A09A-4A80-90FB-70A179B7D661}.AppStore|Any CPU.Build.0 = Release|Any CPU
		{B3DDF825-A09A-4A80-90FB-70A179B7D661}.AppStore|ARM.ActiveCfg = Release|Any CPU
		{B3DDF825-A09A-4A80-90FB-70A179B7D661}.AppStore|ARM.Build.0 = Release|Any CPU
		{B3DDF825-A09A-4A80-90FB-70A179B7D661}.AppStore|iPhone.ActiveCfg = Release|Any CPU
		{B3DDF825-A09A-4A80-90FB-70A179B7D661}.AppStore|iPhone.Build.0 = Release|Any CPU
		{B3DDF825-A09A-4A80-90FB-70A179B7D661}.AppStore|iPhoneSimulator.ActiveCfg = Release|Any CPU
		{B3DDF825-A09A-4A80-90FB-70A179B7D661}.AppStore|iPhoneSimulator.Build.0 = Release|Any CPU
		{B3DDF825-A09A-4A80-90FB-70A179B7D661}.AppStore|x64.ActiveCfg = Release|Any CPU
		{B3DDF825-A09A-4A80-90FB-70A179B7D661}.AppStore|x64.Build.0 = Release|Any CPU
		{B3DDF825-A09A-4A80-90FB-70A179B7D661}.AppStore|x86.ActiveCfg = Release|Any CPU
		{B3DDF825-A09A-4A80-90FB-70A179B7D661}.AppStore|x86.Build.0 = Release|Any CPU
		{B3DDF825-A09A-4A80-90FB-70A179B7D661}.Debug|Any CPU.ActiveCfg = Debug|Any CPU
		{B3DDF825-A09A-4A80-90FB-70A179B7D661}.Debug|Any CPU.Build.0 = Debug|Any CPU
		{B3DDF825-A09A-4A80-90FB-70A179B7D661}.Debug|ARM.ActiveCfg = Debug|Any CPU
		{B3DDF825-A09A-4A80-90FB-70A179B7D661}.Debug|ARM.Build.0 = Debug|Any CPU
		{B3DDF825-A09A-4A80-90FB-70A179B7D661}.Debug|iPhone.ActiveCfg = Debug|Any CPU
		{B3DDF825-A09A-4A80-90FB-70A179B7D661}.Debug|iPhone.Build.0 = Debug|Any CPU
		{B3DDF825-A09A-4A80-90FB-70A179B7D661}.Debug|iPhoneSimulator.ActiveCfg = Debug|Any CPU
		{B3DDF825-A09A-4A80-90FB-70A179B7D661}.Debug|iPhoneSimulator.Build.0 = Debug|Any CPU
		{B3DDF825-A09A-4A80-90FB-70A179B7D661}.Debug|x64.ActiveCfg = Debug|Any CPU
		{B3DDF825-A09A-4A80-90FB-70A179B7D661}.Debug|x64.Build.0 = Debug|Any CPU
		{B3DDF825-A09A-4A80-90FB-70A179B7D661}.Debug|x86.ActiveCfg = Debug|Any CPU
		{B3DDF825-A09A-4A80-90FB-70A179B7D661}.Debug|x86.Build.0 = Debug|Any CPU
		{B3DDF825-A09A-4A80-90FB-70A179B7D661}.Release|Any CPU.ActiveCfg = Release|Any CPU
		{B3DDF825-A09A-4A80-90FB-70A179B7D661}.Release|Any CPU.Build.0 = Release|Any CPU
		{B3DDF825-A09A-4A80-90FB-70A179B7D661}.Release|ARM.ActiveCfg = Release|Any CPU
		{B3DDF825-A09A-4A80-90FB-70A179B7D661}.Release|ARM.Build.0 = Release|Any CPU
		{B3DDF825-A09A-4A80-90FB-70A179B7D661}.Release|iPhone.ActiveCfg = Release|Any CPU
		{B3DDF825-A09A-4A80-90FB-70A179B7D661}.Release|iPhone.Build.0 = Release|Any CPU
		{B3DDF825-A09A-4A80-90FB-70A179B7D661}.Release|iPhoneSimulator.ActiveCfg = Release|Any CPU
		{B3DDF825-A09A-4A80-90FB-70A179B7D661}.Release|iPhoneSimulator.Build.0 = Release|Any CPU
		{B3DDF825-A09A-4A80-90FB-70A179B7D661}.Release|x64.ActiveCfg = Release|Any CPU
		{B3DDF825-A09A-4A80-90FB-70A179B7D661}.Release|x64.Build.0 = Release|Any CPU
		{B3DDF825-A09A-4A80-90FB-70A179B7D661}.Release|x86.ActiveCfg = Release|Any CPU
		{B3DDF825-A09A-4A80-90FB-70A179B7D661}.Release|x86.Build.0 = Release|Any CPU
		{7E967074-3BFF-4CB1-9C86-F0C17BF82047}.Ad-Hoc|Any CPU.ActiveCfg = Release|Any CPU
		{7E967074-3BFF-4CB1-9C86-F0C17BF82047}.Ad-Hoc|Any CPU.Build.0 = Release|Any CPU
		{7E967074-3BFF-4CB1-9C86-F0C17BF82047}.Ad-Hoc|ARM.ActiveCfg = Release|Any CPU
		{7E967074-3BFF-4CB1-9C86-F0C17BF82047}.Ad-Hoc|ARM.Build.0 = Release|Any CPU
		{7E967074-3BFF-4CB1-9C86-F0C17BF82047}.Ad-Hoc|iPhone.ActiveCfg = Release|Any CPU
		{7E967074-3BFF-4CB1-9C86-F0C17BF82047}.Ad-Hoc|iPhone.Build.0 = Release|Any CPU
		{7E967074-3BFF-4CB1-9C86-F0C17BF82047}.Ad-Hoc|iPhoneSimulator.ActiveCfg = Release|Any CPU
		{7E967074-3BFF-4CB1-9C86-F0C17BF82047}.Ad-Hoc|iPhoneSimulator.Build.0 = Release|Any CPU
		{7E967074-3BFF-4CB1-9C86-F0C17BF82047}.Ad-Hoc|x64.ActiveCfg = Release|Any CPU
		{7E967074-3BFF-4CB1-9C86-F0C17BF82047}.Ad-Hoc|x64.Build.0 = Release|Any CPU
		{7E967074-3BFF-4CB1-9C86-F0C17BF82047}.Ad-Hoc|x86.ActiveCfg = Release|Any CPU
		{7E967074-3BFF-4CB1-9C86-F0C17BF82047}.Ad-Hoc|x86.Build.0 = Release|Any CPU
		{7E967074-3BFF-4CB1-9C86-F0C17BF82047}.AppStore|Any CPU.ActiveCfg = Release|Any CPU
		{7E967074-3BFF-4CB1-9C86-F0C17BF82047}.AppStore|Any CPU.Build.0 = Release|Any CPU
		{7E967074-3BFF-4CB1-9C86-F0C17BF82047}.AppStore|ARM.ActiveCfg = Release|Any CPU
		{7E967074-3BFF-4CB1-9C86-F0C17BF82047}.AppStore|ARM.Build.0 = Release|Any CPU
		{7E967074-3BFF-4CB1-9C86-F0C17BF82047}.AppStore|iPhone.ActiveCfg = Release|Any CPU
		{7E967074-3BFF-4CB1-9C86-F0C17BF82047}.AppStore|iPhone.Build.0 = Release|Any CPU
		{7E967074-3BFF-4CB1-9C86-F0C17BF82047}.AppStore|iPhoneSimulator.ActiveCfg = Release|Any CPU
		{7E967074-3BFF-4CB1-9C86-F0C17BF82047}.AppStore|iPhoneSimulator.Build.0 = Release|Any CPU
		{7E967074-3BFF-4CB1-9C86-F0C17BF82047}.AppStore|x64.ActiveCfg = Release|Any CPU
		{7E967074-3BFF-4CB1-9C86-F0C17BF82047}.AppStore|x64.Build.0 = Release|Any CPU
		{7E967074-3BFF-4CB1-9C86-F0C17BF82047}.AppStore|x86.ActiveCfg = Release|Any CPU
		{7E967074-3BFF-4CB1-9C86-F0C17BF82047}.AppStore|x86.Build.0 = Release|Any CPU
		{7E967074-3BFF-4CB1-9C86-F0C17BF82047}.Debug|Any CPU.ActiveCfg = Debug|Any CPU
		{7E967074-3BFF-4CB1-9C86-F0C17BF82047}.Debug|Any CPU.Build.0 = Debug|Any CPU
		{7E967074-3BFF-4CB1-9C86-F0C17BF82047}.Debug|ARM.ActiveCfg = Debug|Any CPU
		{7E967074-3BFF-4CB1-9C86-F0C17BF82047}.Debug|ARM.Build.0 = Debug|Any CPU
		{7E967074-3BFF-4CB1-9C86-F0C17BF82047}.Debug|iPhone.ActiveCfg = Debug|Any CPU
		{7E967074-3BFF-4CB1-9C86-F0C17BF82047}.Debug|iPhone.Build.0 = Debug|Any CPU
		{7E967074-3BFF-4CB1-9C86-F0C17BF82047}.Debug|iPhoneSimulator.ActiveCfg = Debug|Any CPU
		{7E967074-3BFF-4CB1-9C86-F0C17BF82047}.Debug|iPhoneSimulator.Build.0 = Debug|Any CPU
		{7E967074-3BFF-4CB1-9C86-F0C17BF82047}.Debug|x64.ActiveCfg = Debug|Any CPU
		{7E967074-3BFF-4CB1-9C86-F0C17BF82047}.Debug|x64.Build.0 = Debug|Any CPU
		{7E967074-3BFF-4CB1-9C86-F0C17BF82047}.Debug|x86.ActiveCfg = Debug|Any CPU
		{7E967074-3BFF-4CB1-9C86-F0C17BF82047}.Debug|x86.Build.0 = Debug|Any CPU
		{7E967074-3BFF-4CB1-9C86-F0C17BF82047}.Release|Any CPU.ActiveCfg = Release|Any CPU
		{7E967074-3BFF-4CB1-9C86-F0C17BF82047}.Release|Any CPU.Build.0 = Release|Any CPU
		{7E967074-3BFF-4CB1-9C86-F0C17BF82047}.Release|ARM.ActiveCfg = Release|Any CPU
		{7E967074-3BFF-4CB1-9C86-F0C17BF82047}.Release|ARM.Build.0 = Release|Any CPU
		{7E967074-3BFF-4CB1-9C86-F0C17BF82047}.Release|iPhone.ActiveCfg = Release|Any CPU
		{7E967074-3BFF-4CB1-9C86-F0C17BF82047}.Release|iPhone.Build.0 = Release|Any CPU
		{7E967074-3BFF-4CB1-9C86-F0C17BF82047}.Release|iPhoneSimulator.ActiveCfg = Release|Any CPU
		{7E967074-3BFF-4CB1-9C86-F0C17BF82047}.Release|iPhoneSimulator.Build.0 = Release|Any CPU
		{7E967074-3BFF-4CB1-9C86-F0C17BF82047}.Release|x64.ActiveCfg = Release|Any CPU
		{7E967074-3BFF-4CB1-9C86-F0C17BF82047}.Release|x64.Build.0 = Release|Any CPU
		{7E967074-3BFF-4CB1-9C86-F0C17BF82047}.Release|x86.ActiveCfg = Release|Any CPU
		{7E967074-3BFF-4CB1-9C86-F0C17BF82047}.Release|x86.Build.0 = Release|Any CPU
		{B7637A42-E0FB-49A6-92E2-E329C047571B}.Ad-Hoc|Any CPU.ActiveCfg = Release|Any CPU
		{B7637A42-E0FB-49A6-92E2-E329C047571B}.Ad-Hoc|Any CPU.Build.0 = Release|Any CPU
		{B7637A42-E0FB-49A6-92E2-E329C047571B}.Ad-Hoc|ARM.ActiveCfg = Release|Any CPU
		{B7637A42-E0FB-49A6-92E2-E329C047571B}.Ad-Hoc|ARM.Build.0 = Release|Any CPU
		{B7637A42-E0FB-49A6-92E2-E329C047571B}.Ad-Hoc|iPhone.ActiveCfg = Release|Any CPU
		{B7637A42-E0FB-49A6-92E2-E329C047571B}.Ad-Hoc|iPhone.Build.0 = Release|Any CPU
		{B7637A42-E0FB-49A6-92E2-E329C047571B}.Ad-Hoc|iPhoneSimulator.ActiveCfg = Release|Any CPU
		{B7637A42-E0FB-49A6-92E2-E329C047571B}.Ad-Hoc|iPhoneSimulator.Build.0 = Release|Any CPU
		{B7637A42-E0FB-49A6-92E2-E329C047571B}.Ad-Hoc|x64.ActiveCfg = Release|Any CPU
		{B7637A42-E0FB-49A6-92E2-E329C047571B}.Ad-Hoc|x64.Build.0 = Release|Any CPU
		{B7637A42-E0FB-49A6-92E2-E329C047571B}.Ad-Hoc|x86.ActiveCfg = Release|Any CPU
		{B7637A42-E0FB-49A6-92E2-E329C047571B}.Ad-Hoc|x86.Build.0 = Release|Any CPU
		{B7637A42-E0FB-49A6-92E2-E329C047571B}.AppStore|Any CPU.ActiveCfg = Release|Any CPU
		{B7637A42-E0FB-49A6-92E2-E329C047571B}.AppStore|Any CPU.Build.0 = Release|Any CPU
		{B7637A42-E0FB-49A6-92E2-E329C047571B}.AppStore|ARM.ActiveCfg = Release|Any CPU
		{B7637A42-E0FB-49A6-92E2-E329C047571B}.AppStore|ARM.Build.0 = Release|Any CPU
		{B7637A42-E0FB-49A6-92E2-E329C047571B}.AppStore|iPhone.ActiveCfg = Release|Any CPU
		{B7637A42-E0FB-49A6-92E2-E329C047571B}.AppStore|iPhone.Build.0 = Release|Any CPU
		{B7637A42-E0FB-49A6-92E2-E329C047571B}.AppStore|iPhoneSimulator.ActiveCfg = Release|Any CPU
		{B7637A42-E0FB-49A6-92E2-E329C047571B}.AppStore|iPhoneSimulator.Build.0 = Release|Any CPU
		{B7637A42-E0FB-49A6-92E2-E329C047571B}.AppStore|x64.ActiveCfg = Release|Any CPU
		{B7637A42-E0FB-49A6-92E2-E329C047571B}.AppStore|x64.Build.0 = Release|Any CPU
		{B7637A42-E0FB-49A6-92E2-E329C047571B}.AppStore|x86.ActiveCfg = Release|Any CPU
		{B7637A42-E0FB-49A6-92E2-E329C047571B}.AppStore|x86.Build.0 = Release|Any CPU
		{B7637A42-E0FB-49A6-92E2-E329C047571B}.Debug|Any CPU.ActiveCfg = Debug|Any CPU
		{B7637A42-E0FB-49A6-92E2-E329C047571B}.Debug|Any CPU.Build.0 = Debug|Any CPU
		{B7637A42-E0FB-49A6-92E2-E329C047571B}.Debug|Any CPU.Deploy.0 = Debug|Any CPU
		{B7637A42-E0FB-49A6-92E2-E329C047571B}.Debug|ARM.ActiveCfg = Debug|Any CPU
		{B7637A42-E0FB-49A6-92E2-E329C047571B}.Debug|ARM.Build.0 = Debug|Any CPU
		{B7637A42-E0FB-49A6-92E2-E329C047571B}.Debug|iPhone.ActiveCfg = Debug|Any CPU
		{B7637A42-E0FB-49A6-92E2-E329C047571B}.Debug|iPhone.Build.0 = Debug|Any CPU
		{B7637A42-E0FB-49A6-92E2-E329C047571B}.Debug|iPhoneSimulator.ActiveCfg = Debug|Any CPU
		{B7637A42-E0FB-49A6-92E2-E329C047571B}.Debug|iPhoneSimulator.Build.0 = Debug|Any CPU
		{B7637A42-E0FB-49A6-92E2-E329C047571B}.Debug|x64.ActiveCfg = Debug|Any CPU
		{B7637A42-E0FB-49A6-92E2-E329C047571B}.Debug|x64.Build.0 = Debug|Any CPU
		{B7637A42-E0FB-49A6-92E2-E329C047571B}.Debug|x86.ActiveCfg = Debug|Any CPU
		{B7637A42-E0FB-49A6-92E2-E329C047571B}.Debug|x86.Build.0 = Debug|Any CPU
		{B7637A42-E0FB-49A6-92E2-E329C047571B}.Release|Any CPU.ActiveCfg = Release|Any CPU
		{B7637A42-E0FB-49A6-92E2-E329C047571B}.Release|Any CPU.Build.0 = Release|Any CPU
		{B7637A42-E0FB-49A6-92E2-E329C047571B}.Release|Any CPU.Deploy.0 = Release|Any CPU
		{B7637A42-E0FB-49A6-92E2-E329C047571B}.Release|ARM.ActiveCfg = Release|Any CPU
		{B7637A42-E0FB-49A6-92E2-E329C047571B}.Release|ARM.Build.0 = Release|Any CPU
		{B7637A42-E0FB-49A6-92E2-E329C047571B}.Release|iPhone.ActiveCfg = Release|Any CPU
		{B7637A42-E0FB-49A6-92E2-E329C047571B}.Release|iPhone.Build.0 = Release|Any CPU
		{B7637A42-E0FB-49A6-92E2-E329C047571B}.Release|iPhoneSimulator.ActiveCfg = Release|Any CPU
		{B7637A42-E0FB-49A6-92E2-E329C047571B}.Release|iPhoneSimulator.Build.0 = Release|Any CPU
		{B7637A42-E0FB-49A6-92E2-E329C047571B}.Release|x64.ActiveCfg = Release|Any CPU
		{B7637A42-E0FB-49A6-92E2-E329C047571B}.Release|x64.Build.0 = Release|Any CPU
		{B7637A42-E0FB-49A6-92E2-E329C047571B}.Release|x86.ActiveCfg = Release|Any CPU
		{B7637A42-E0FB-49A6-92E2-E329C047571B}.Release|x86.Build.0 = Release|Any CPU
		{B546AD70-0E75-4641-9978-1AEF56BB7B81}.Ad-Hoc|Any CPU.ActiveCfg = Release|Any CPU
		{B546AD70-0E75-4641-9978-1AEF56BB7B81}.Ad-Hoc|Any CPU.Build.0 = Release|Any CPU
		{B546AD70-0E75-4641-9978-1AEF56BB7B81}.Ad-Hoc|ARM.ActiveCfg = Release|Any CPU
		{B546AD70-0E75-4641-9978-1AEF56BB7B81}.Ad-Hoc|ARM.Build.0 = Release|Any CPU
		{B546AD70-0E75-4641-9978-1AEF56BB7B81}.Ad-Hoc|iPhone.ActiveCfg = Release|Any CPU
		{B546AD70-0E75-4641-9978-1AEF56BB7B81}.Ad-Hoc|iPhone.Build.0 = Release|Any CPU
		{B546AD70-0E75-4641-9978-1AEF56BB7B81}.Ad-Hoc|iPhoneSimulator.ActiveCfg = Release|Any CPU
		{B546AD70-0E75-4641-9978-1AEF56BB7B81}.Ad-Hoc|iPhoneSimulator.Build.0 = Release|Any CPU
		{B546AD70-0E75-4641-9978-1AEF56BB7B81}.Ad-Hoc|x64.ActiveCfg = Release|Any CPU
		{B546AD70-0E75-4641-9978-1AEF56BB7B81}.Ad-Hoc|x64.Build.0 = Release|Any CPU
		{B546AD70-0E75-4641-9978-1AEF56BB7B81}.Ad-Hoc|x86.ActiveCfg = Release|Any CPU
		{B546AD70-0E75-4641-9978-1AEF56BB7B81}.Ad-Hoc|x86.Build.0 = Release|Any CPU
		{B546AD70-0E75-4641-9978-1AEF56BB7B81}.AppStore|Any CPU.ActiveCfg = Release|Any CPU
		{B546AD70-0E75-4641-9978-1AEF56BB7B81}.AppStore|Any CPU.Build.0 = Release|Any CPU
		{B546AD70-0E75-4641-9978-1AEF56BB7B81}.AppStore|ARM.ActiveCfg = Release|Any CPU
		{B546AD70-0E75-4641-9978-1AEF56BB7B81}.AppStore|ARM.Build.0 = Release|Any CPU
		{B546AD70-0E75-4641-9978-1AEF56BB7B81}.AppStore|iPhone.ActiveCfg = Release|Any CPU
		{B546AD70-0E75-4641-9978-1AEF56BB7B81}.AppStore|iPhone.Build.0 = Release|Any CPU
		{B546AD70-0E75-4641-9978-1AEF56BB7B81}.AppStore|iPhoneSimulator.ActiveCfg = Release|Any CPU
		{B546AD70-0E75-4641-9978-1AEF56BB7B81}.AppStore|iPhoneSimulator.Build.0 = Release|Any CPU
		{B546AD70-0E75-4641-9978-1AEF56BB7B81}.AppStore|x64.ActiveCfg = Release|Any CPU
		{B546AD70-0E75-4641-9978-1AEF56BB7B81}.AppStore|x64.Build.0 = Release|Any CPU
		{B546AD70-0E75-4641-9978-1AEF56BB7B81}.AppStore|x86.ActiveCfg = Release|Any CPU
		{B546AD70-0E75-4641-9978-1AEF56BB7B81}.AppStore|x86.Build.0 = Release|Any CPU
		{B546AD70-0E75-4641-9978-1AEF56BB7B81}.Debug|Any CPU.ActiveCfg = Debug|Any CPU
		{B546AD70-0E75-4641-9978-1AEF56BB7B81}.Debug|Any CPU.Build.0 = Debug|Any CPU
		{B546AD70-0E75-4641-9978-1AEF56BB7B81}.Debug|ARM.ActiveCfg = Debug|Any CPU
		{B546AD70-0E75-4641-9978-1AEF56BB7B81}.Debug|ARM.Build.0 = Debug|Any CPU
		{B546AD70-0E75-4641-9978-1AEF56BB7B81}.Debug|iPhone.ActiveCfg = Debug|Any CPU
		{B546AD70-0E75-4641-9978-1AEF56BB7B81}.Debug|iPhone.Build.0 = Debug|Any CPU
		{B546AD70-0E75-4641-9978-1AEF56BB7B81}.Debug|iPhoneSimulator.ActiveCfg = Debug|Any CPU
		{B546AD70-0E75-4641-9978-1AEF56BB7B81}.Debug|iPhoneSimulator.Build.0 = Debug|Any CPU
		{B546AD70-0E75-4641-9978-1AEF56BB7B81}.Debug|x64.ActiveCfg = Debug|Any CPU
		{B546AD70-0E75-4641-9978-1AEF56BB7B81}.Debug|x64.Build.0 = Debug|Any CPU
		{B546AD70-0E75-4641-9978-1AEF56BB7B81}.Debug|x86.ActiveCfg = Debug|Any CPU
		{B546AD70-0E75-4641-9978-1AEF56BB7B81}.Debug|x86.Build.0 = Debug|Any CPU
		{B546AD70-0E75-4641-9978-1AEF56BB7B81}.Release|Any CPU.ActiveCfg = Release|Any CPU
		{B546AD70-0E75-4641-9978-1AEF56BB7B81}.Release|Any CPU.Build.0 = Release|Any CPU
		{B546AD70-0E75-4641-9978-1AEF56BB7B81}.Release|ARM.ActiveCfg = Release|Any CPU
		{B546AD70-0E75-4641-9978-1AEF56BB7B81}.Release|ARM.Build.0 = Release|Any CPU
		{B546AD70-0E75-4641-9978-1AEF56BB7B81}.Release|iPhone.ActiveCfg = Release|Any CPU
		{B546AD70-0E75-4641-9978-1AEF56BB7B81}.Release|iPhone.Build.0 = Release|Any CPU
		{B546AD70-0E75-4641-9978-1AEF56BB7B81}.Release|iPhoneSimulator.ActiveCfg = Release|Any CPU
		{B546AD70-0E75-4641-9978-1AEF56BB7B81}.Release|iPhoneSimulator.Build.0 = Release|Any CPU
		{B546AD70-0E75-4641-9978-1AEF56BB7B81}.Release|x64.ActiveCfg = Release|Any CPU
		{B546AD70-0E75-4641-9978-1AEF56BB7B81}.Release|x64.Build.0 = Release|Any CPU
		{B546AD70-0E75-4641-9978-1AEF56BB7B81}.Release|x86.ActiveCfg = Release|Any CPU
		{B546AD70-0E75-4641-9978-1AEF56BB7B81}.Release|x86.Build.0 = Release|Any CPU
		{2ADC5D12-AC81-4716-9C15-46658277458B}.Ad-Hoc|Any CPU.ActiveCfg = Release|x64
		{2ADC5D12-AC81-4716-9C15-46658277458B}.Ad-Hoc|Any CPU.Build.0 = Release|x64
		{2ADC5D12-AC81-4716-9C15-46658277458B}.Ad-Hoc|Any CPU.Deploy.0 = Release|x64
		{2ADC5D12-AC81-4716-9C15-46658277458B}.Ad-Hoc|ARM.ActiveCfg = Release|ARM
		{2ADC5D12-AC81-4716-9C15-46658277458B}.Ad-Hoc|ARM.Build.0 = Release|ARM
		{2ADC5D12-AC81-4716-9C15-46658277458B}.Ad-Hoc|ARM.Deploy.0 = Release|ARM
		{2ADC5D12-AC81-4716-9C15-46658277458B}.Ad-Hoc|ARM64.ActiveCfg = Release|ARM64
		{2ADC5D12-AC81-4716-9C15-46658277458B}.Ad-Hoc|ARM64.Build.0 = Release|ARM64
		{2ADC5D12-AC81-4716-9C15-46658277458B}.Ad-Hoc|ARM64.Deploy.0 = Release|ARM64
		{2ADC5D12-AC81-4716-9C15-46658277458B}.Ad-Hoc|iPhone.ActiveCfg = Release|x64
		{2ADC5D12-AC81-4716-9C15-46658277458B}.Ad-Hoc|iPhone.Build.0 = Release|x64
		{2ADC5D12-AC81-4716-9C15-46658277458B}.Ad-Hoc|iPhone.Deploy.0 = Release|x64
		{2ADC5D12-AC81-4716-9C15-46658277458B}.Ad-Hoc|iPhoneSimulator.ActiveCfg = Release|x64
		{2ADC5D12-AC81-4716-9C15-46658277458B}.Ad-Hoc|iPhoneSimulator.Build.0 = Release|x64
		{2ADC5D12-AC81-4716-9C15-46658277458B}.Ad-Hoc|iPhoneSimulator.Deploy.0 = Release|x64
		{2ADC5D12-AC81-4716-9C15-46658277458B}.Ad-Hoc|x64.ActiveCfg = Release|x64
		{2ADC5D12-AC81-4716-9C15-46658277458B}.Ad-Hoc|x64.Build.0 = Release|x64
		{2ADC5D12-AC81-4716-9C15-46658277458B}.Ad-Hoc|x64.Deploy.0 = Release|x64
		{2ADC5D12-AC81-4716-9C15-46658277458B}.Ad-Hoc|x86.ActiveCfg = Release|x86
		{2ADC5D12-AC81-4716-9C15-46658277458B}.Ad-Hoc|x86.Build.0 = Release|x86
		{2ADC5D12-AC81-4716-9C15-46658277458B}.Ad-Hoc|x86.Deploy.0 = Release|x86
		{2ADC5D12-AC81-4716-9C15-46658277458B}.AppStore|Any CPU.ActiveCfg = Release|x64
		{2ADC5D12-AC81-4716-9C15-46658277458B}.AppStore|Any CPU.Build.0 = Release|x64
		{2ADC5D12-AC81-4716-9C15-46658277458B}.AppStore|Any CPU.Deploy.0 = Release|x64
		{2ADC5D12-AC81-4716-9C15-46658277458B}.AppStore|ARM.ActiveCfg = Release|ARM
		{2ADC5D12-AC81-4716-9C15-46658277458B}.AppStore|ARM.Build.0 = Release|ARM
		{2ADC5D12-AC81-4716-9C15-46658277458B}.AppStore|ARM.Deploy.0 = Release|ARM
		{2ADC5D12-AC81-4716-9C15-46658277458B}.AppStore|ARM64.ActiveCfg = Release|ARM64
		{2ADC5D12-AC81-4716-9C15-46658277458B}.AppStore|ARM64.Build.0 = Release|ARM64
		{2ADC5D12-AC81-4716-9C15-46658277458B}.AppStore|ARM64.Deploy.0 = Release|ARM64
		{2ADC5D12-AC81-4716-9C15-46658277458B}.AppStore|iPhone.ActiveCfg = Release|x64
		{2ADC5D12-AC81-4716-9C15-46658277458B}.AppStore|iPhone.Build.0 = Release|x64
		{2ADC5D12-AC81-4716-9C15-46658277458B}.AppStore|iPhone.Deploy.0 = Release|x64
		{2ADC5D12-AC81-4716-9C15-46658277458B}.AppStore|iPhoneSimulator.ActiveCfg = Release|x64
		{2ADC5D12-AC81-4716-9C15-46658277458B}.AppStore|iPhoneSimulator.Build.0 = Release|x64
		{2ADC5D12-AC81-4716-9C15-46658277458B}.AppStore|iPhoneSimulator.Deploy.0 = Release|x64
		{2ADC5D12-AC81-4716-9C15-46658277458B}.AppStore|x64.ActiveCfg = Release|x64
		{2ADC5D12-AC81-4716-9C15-46658277458B}.AppStore|x64.Build.0 = Release|x64
		{2ADC5D12-AC81-4716-9C15-46658277458B}.AppStore|x64.Deploy.0 = Release|x64
		{2ADC5D12-AC81-4716-9C15-46658277458B}.AppStore|x86.ActiveCfg = Release|x86
		{2ADC5D12-AC81-4716-9C15-46658277458B}.AppStore|x86.Build.0 = Release|x86
		{2ADC5D12-AC81-4716-9C15-46658277458B}.AppStore|x86.Deploy.0 = Release|x86
		{2ADC5D12-AC81-4716-9C15-46658277458B}.Debug|Any CPU.ActiveCfg = Debug|x86
		{2ADC5D12-AC81-4716-9C15-46658277458B}.Debug|ARM.ActiveCfg = Debug|ARM
		{2ADC5D12-AC81-4716-9C15-46658277458B}.Debug|ARM.Build.0 = Debug|ARM
		{2ADC5D12-AC81-4716-9C15-46658277458B}.Debug|ARM.Deploy.0 = Debug|ARM
		{2ADC5D12-AC81-4716-9C15-46658277458B}.Debug|ARM64.ActiveCfg = Debug|ARM64
		{2ADC5D12-AC81-4716-9C15-46658277458B}.Debug|ARM64.Build.0 = Debug|ARM64
		{2ADC5D12-AC81-4716-9C15-46658277458B}.Debug|ARM64.Deploy.0 = Debug|ARM64
		{2ADC5D12-AC81-4716-9C15-46658277458B}.Debug|iPhone.ActiveCfg = Debug|x86
		{2ADC5D12-AC81-4716-9C15-46658277458B}.Debug|iPhoneSimulator.ActiveCfg = Debug|x86
		{2ADC5D12-AC81-4716-9C15-46658277458B}.Debug|x64.ActiveCfg = Debug|x64
		{2ADC5D12-AC81-4716-9C15-46658277458B}.Debug|x64.Build.0 = Debug|x64
		{2ADC5D12-AC81-4716-9C15-46658277458B}.Debug|x64.Deploy.0 = Debug|x64
		{2ADC5D12-AC81-4716-9C15-46658277458B}.Debug|x86.ActiveCfg = Debug|x86
		{2ADC5D12-AC81-4716-9C15-46658277458B}.Debug|x86.Build.0 = Debug|x86
		{2ADC5D12-AC81-4716-9C15-46658277458B}.Debug|x86.Deploy.0 = Debug|x86
		{2ADC5D12-AC81-4716-9C15-46658277458B}.Release|Any CPU.ActiveCfg = Release|x86
		{2ADC5D12-AC81-4716-9C15-46658277458B}.Release|ARM.ActiveCfg = Release|ARM
		{2ADC5D12-AC81-4716-9C15-46658277458B}.Release|ARM.Build.0 = Release|ARM
		{2ADC5D12-AC81-4716-9C15-46658277458B}.Release|ARM.Deploy.0 = Release|ARM
		{2ADC5D12-AC81-4716-9C15-46658277458B}.Release|ARM64.ActiveCfg = Release|ARM64
		{2ADC5D12-AC81-4716-9C15-46658277458B}.Release|ARM64.Build.0 = Release|ARM64
		{2ADC5D12-AC81-4716-9C15-46658277458B}.Release|ARM64.Deploy.0 = Release|ARM64
		{2ADC5D12-AC81-4716-9C15-46658277458B}.Release|iPhone.ActiveCfg = Release|x86
		{2ADC5D12-AC81-4716-9C15-46658277458B}.Release|iPhoneSimulator.ActiveCfg = Release|x86
		{2ADC5D12-AC81-4716-9C15-46658277458B}.Release|x64.ActiveCfg = Release|x64
		{2ADC5D12-AC81-4716-9C15-46658277458B}.Release|x64.Build.0 = Release|x64
		{2ADC5D12-AC81-4716-9C15-46658277458B}.Release|x64.Deploy.0 = Release|x64
		{2ADC5D12-AC81-4716-9C15-46658277458B}.Release|x86.ActiveCfg = Release|x86
		{2ADC5D12-AC81-4716-9C15-46658277458B}.Release|x86.Build.0 = Release|x86
		{2ADC5D12-AC81-4716-9C15-46658277458B}.Release|x86.Deploy.0 = Release|x86
	EndGlobalSection
	GlobalSection(SolutionProperties) = preSolution
		HideSolutionNode = FALSE
	EndGlobalSection
	GlobalSection(ExtensibilityGlobals) = postSolution
		SolutionGuid = {F6D05029-56B8-4E45-AF2D-0E76295DDBA2}
	EndGlobalSection
EndGlobal
